{
  "version": "5",
  "redirects": {
    "https://esm.sh/@supabase/supabase-js@2": "https://esm.sh/@supabase/supabase-js@2.98.0",
    "https://esm.sh/@types/react@~19.0.7/index.d.ts": "https://esm.sh/@types/react@19.0.14/index.d.ts",
    "https://esm.sh/iceberg-js@^0.8.1?target=denonext": "https://esm.sh/iceberg-js@0.8.1?target=denonext"
  },
  "remote": {
    "https://deno.land/std@0.168.0/async/abortable.ts": "80b2ac399f142cc528f95a037a7d0e653296352d95c681e284533765961de409",
    "https://deno.land/std@0.168.0/async/deadline.ts": "2c2deb53c7c28ca1dda7a3ad81e70508b1ebc25db52559de6b8636c9278fd41f",
    "https://deno.land/std@0.168.0/async/debounce.ts": "60301ffb37e730cd2d6f9dadfd0ecb2a38857681bd7aaf6b0a106b06e5210a98",
    "https://deno.land/std@0.168.0/async/deferred.ts": "77d3f84255c3627f1cc88699d8472b664d7635990d5358c4351623e098e917d6",
    "https://deno.land/std@0.168.0/async/delay.ts": "5a9bfba8de38840308a7a33786a0155a7f6c1f7a859558ddcec5fe06e16daf57",
    "https://deno.land/std@0.168.0/async/mod.ts": "7809ad4bb223e40f5fdc043e5c7ca04e0e25eed35c32c3c32e28697c553fa6d9",
    "https://deno.land/std@0.168.0/async/mux_async_iterator.ts": "770a0ff26c59f8bbbda6b703a2235f04e379f73238e8d66a087edc68c2a2c35f",
    "https://deno.land/std@0.168.0/async/pool.ts": "6854d8cd675a74c73391c82005cbbe4cc58183bddcd1fbbd7c2bcda42b61cf69",
    "https://deno.land/std@0.168.0/async/retry.ts": "e8e5173623915bbc0ddc537698fa418cf875456c347eda1ed453528645b42e67",
    "https://deno.land/std@0.168.0/async/tee.ts": "3a47cc4e9a940904fd4341f0224907e199121c80b831faa5ec2b054c6d2eff5e",
    "https://deno.land/std@0.168.0/http/server.ts": "e99c1bee8a3f6571ee4cdeb2966efad465b8f6fe62bec1bdb59c1f007cc4d155",
    "https://deno.land/std@0.173.0/encoding/base64.ts": "7de04c2f8aeeb41453b09b186480be90f2ff357613b988e99fabb91d2eeceba1",
    "https://deno.land/std@0.190.0/_util/asserts.ts": "178dfc49a464aee693a7e285567b3d0b555dc805ff490505a8aae34f9cfb1462",
    "https://deno.land/std@0.190.0/async/abortable.ts": "fd682fa46f3b7b16b4606a5ab52a7ce309434b76f820d3221bdfb862719a15d7",
    "https://deno.land/std@0.190.0/async/deadline.ts": "58f72a3cc0fcb731b2cc055ba046f4b5be3349ff6bf98f2e793c3b969354aab2",
    "https://deno.land/std@0.190.0/async/debounce.ts": "adab11d04ca38d699444ac8a9d9856b4155e8dda2afd07ce78276c01ea5a4332",
    "https://deno.land/std@0.190.0/async/deferred.ts": "42790112f36a75a57db4a96d33974a936deb7b04d25c6084a9fa8a49f135def8",
    "https://deno.land/std@0.190.0/async/delay.ts": "73aa04cec034c84fc748c7be49bb15cac3dd43a57174bfdb7a4aec22c248f0dd",
    "https://deno.land/std@0.190.0/async/mod.ts": "f04344fa21738e5ad6bea37a6bfffd57c617c2d372bb9f9dcfd118a1b622e576",
    "https://deno.land/std@0.190.0/async/mux_async_iterator.ts": "70c7f2ee4e9466161350473ad61cac0b9f115cff4c552eaa7ef9d50c4cbb4cc9",
    "https://deno.land/std@0.190.0/async/pool.ts": "f1b8d3df4d7fd3c73f8cbc91cc2e8b8e950910f1eab94230b443944d7584c657",
    "https://deno.land/std@0.190.0/async/retry.ts": "c9248325ec08cc2cceb7618472e77589a51a25cee460e07b6096be34966c2ead",
    "https://deno.land/std@0.190.0/async/tee.ts": "47e42d35f622650b02234d43803d0383a89eb4387e1b83b5a40106d18ae36757",
    "https://deno.land/std@0.190.0/http/server.ts": "1b23463b5b36e4eebc495417f6af47a6f7d52e3294827a1226d2a1aab23d9d20",
    "https://deno.land/std@0.224.0/assert/_constants.ts": "a271e8ef5a573f1df8e822a6eb9d09df064ad66a4390f21b3e31f820a38e0975",
    "https://deno.land/std@0.224.0/assert/assert.ts": "09d30564c09de846855b7b071e62b5974b001bb72a4b797958fe0660e7849834",
    "https://deno.land/std@0.224.0/assert/assert_almost_equals.ts": "9e416114322012c9a21fa68e187637ce2d7df25bcbdbfd957cd639e65d3cf293",
    "https://deno.land/std@0.224.0/assert/assert_array_includes.ts": "14c5094471bc8e4a7895fc6aa5a184300d8a1879606574cb1cd715ef36a4a3c7",
    "https://deno.land/std@0.224.0/assert/assert_equals.ts": "3bbca947d85b9d374a108687b1a8ba3785a7850436b5a8930d81f34a32cb8c74",
    "https://deno.land/std@0.224.0/assert/assert_exists.ts": "43420cf7f956748ae6ed1230646567b3593cb7a36c5a5327269279c870c5ddfd",
    "https://deno.land/std@0.224.0/assert/assert_false.ts": "3e9be8e33275db00d952e9acb0cd29481a44fa0a4af6d37239ff58d79e8edeff",
    "https://deno.land/std@0.224.0/assert/assert_greater.ts": "5e57b201fd51b64ced36c828e3dfd773412c1a6120c1a5a99066c9b261974e46",
    "https://deno.land/std@0.224.0/assert/assert_greater_or_equal.ts": "9870030f997a08361b6f63400273c2fb1856f5db86c0c3852aab2a002e425c5b",
    "https://deno.land/std@0.224.0/assert/assert_instance_of.ts": "e22343c1fdcacfaea8f37784ad782683ec1cf599ae9b1b618954e9c22f376f2c",
    "https://deno.land/std@0.224.0/assert/assert_is_error.ts": "f856b3bc978a7aa6a601f3fec6603491ab6255118afa6baa84b04426dd3cc491",
    "https://deno.land/std@0.224.0/assert/assert_less.ts": "60b61e13a1982865a72726a5fa86c24fad7eb27c3c08b13883fb68882b307f68",
    "https://deno.land/std@0.224.0/assert/assert_less_or_equal.ts": "d2c84e17faba4afe085e6c9123a63395accf4f9e00150db899c46e67420e0ec3",
    "https://deno.land/std@0.224.0/assert/assert_match.ts": "ace1710dd3b2811c391946954234b5da910c5665aed817943d086d4d4871a8b7",
    "https://deno.land/std@0.224.0/assert/assert_not_equals.ts": "78d45dd46133d76ce624b2c6c09392f6110f0df9b73f911d20208a68dee2ef29",
    "https://deno.land/std@0.224.0/assert/assert_not_instance_of.ts": "3434a669b4d20cdcc5359779301a0588f941ffdc2ad68803c31eabdb4890cf7a",
    "https://deno.land/std@0.224.0/assert/assert_not_match.ts": "df30417240aa2d35b1ea44df7e541991348a063d9ee823430e0b58079a72242a",
    "https://deno.land/std@0.224.0/assert/assert_not_strict_equals.ts": "37f73880bd672709373d6dc2c5f148691119bed161f3020fff3548a0496f71b8",
    "https://deno.land/std@0.224.0/assert/assert_object_match.ts": "411450fd194fdaabc0089ae68f916b545a49d7b7e6d0026e84a54c9e7eed2693",
    "https://deno.land/std@0.224.0/assert/assert_rejects.ts": "4bee1d6d565a5b623146a14668da8f9eb1f026a4f338bbf92b37e43e0aa53c31",
    "https://deno.land/std@0.224.0/assert/assert_strict_equals.ts": "b4f45f0fd2e54d9029171876bd0b42dd9ed0efd8f853ab92a3f50127acfa54f5",
    "https://deno.land/std@0.224.0/assert/assert_string_includes.ts": "496b9ecad84deab72c8718735373feb6cdaa071eb91a98206f6f3cb4285e71b8",
    "https://deno.land/std@0.224.0/assert/assert_throws.ts": "c6508b2879d465898dab2798009299867e67c570d7d34c90a2d235e4553906eb",
    "https://deno.land/std@0.224.0/assert/assertion_error.ts": "ba8752bd27ebc51f723702fac2f54d3e94447598f54264a6653d6413738a8917",
    "https://deno.land/std@0.224.0/assert/equal.ts": "bddf07bb5fc718e10bb72d5dc2c36c1ce5a8bdd3b647069b6319e07af181ac47",
    "https://deno.land/std@0.224.0/assert/fail.ts": "0eba674ffb47dff083f02ced76d5130460bff1a9a68c6514ebe0cdea4abadb68",
    "https://deno.land/std@0.224.0/assert/mod.ts": "48b8cb8a619ea0b7958ad7ee9376500fe902284bb36f0e32c598c3dc34cbd6f3",
    "https://deno.land/std@0.224.0/assert/unimplemented.ts": "8c55a5793e9147b4f1ef68cd66496b7d5ba7a9e7ca30c6da070c1a58da723d73",
    "https://deno.land/std@0.224.0/assert/unreachable.ts": "5ae3dbf63ef988615b93eb08d395dda771c96546565f9e521ed86f6510c29e19",
    "https://deno.land/std@0.224.0/dotenv/load.ts": "587b342f0f6a3df071331fe6ba1c823729ab68f7d53805809475e486dd4161d7",
    "https://deno.land/std@0.224.0/dotenv/mod.ts": "0180eaeedaaf88647318811cdaa418cc64dc51fb08354f91f5f480d0a1309f7d",
    "https://deno.land/std@0.224.0/dotenv/parse.ts": "09977ff88dfd1f24f9973a338f0f91bbdb9307eb5ff6085446e7c423e4c7ba0c",
    "https://deno.land/std@0.224.0/dotenv/stringify.ts": "275da322c409170160440836342eaa7cf012a1d11a7e700d8ca4e7f2f8aa4615",
    "https://deno.land/std@0.224.0/fmt/colors.ts": "508563c0659dd7198ba4bbf87e97f654af3c34eb56ba790260f252ad8012e1c5",
    "https://deno.land/std@0.224.0/internal/diff.ts": "6234a4b493ebe65dc67a18a0eb97ef683626a1166a1906232ce186ae9f65f4e6",
    "https://deno.land/std@0.224.0/internal/format.ts": "0a98ee226fd3d43450245b1844b47003419d34d210fa989900861c79820d21c2",
    "https://deno.land/std@0.224.0/internal/mod.ts": "534125398c8e7426183e12dc255bb635d94e06d0f93c60a297723abe69d3b22e",
    "https://deno.land/x/denomailer@1.6.0/client/basic/QUE.ts": "5af1dfcc5814bf4542f098908ac1fdd8a1a1c2b1597138a121c95eaa791315d0",
    "https://deno.land/x/denomailer@1.6.0/client/basic/client.ts": "462e4db45ae218647812ceae720d55ea33e0e928f9138fee9da5913cbb1e20f9",
    "https://deno.land/x/denomailer@1.6.0/client/basic/connection.ts": "68de68d7551d8303629905c2b7581cb09b45646e530ce93a5786ca1aba61055c",
    "https://deno.land/x/denomailer@1.6.0/client/basic/transforms.ts": "e630a23d24e9b397e231ae8796c0a0080770ac6f5ab9bffc105d3717706e62c9",
    "https://deno.land/x/denomailer@1.6.0/client/mod.ts": "8ec4c25d9586f83f8629768311a077eaf03b1490dcb872030ba2e27fadb674d8",
    "https://deno.land/x/denomailer@1.6.0/client/pool.ts": "0466e69ca8959aa85501cc6b30d7f5fd8e43b0a6ac88ecc60dab71081e801bae",
    "https://deno.land/x/denomailer@1.6.0/client/worker/worker.ts": "a4c3a3e2e1fde0967817ece7c345a565eb44a7312acf8d46ce620d4ff4443b31",
    "https://deno.land/x/denomailer@1.6.0/config/client.ts": "302f5c18fbb5531b5615613084b86d44120acc210e072f4135e431fa27fc4526",
    "https://deno.land/x/denomailer@1.6.0/config/mail/attachments.ts": "1f357bddc9d5e813c3f647498db81a165a1a8a7163116c58dc10cf01427fd81e",
    "https://deno.land/x/denomailer@1.6.0/config/mail/content.ts": "3925d4c3baaabed4e08933159d34b1450e6426b35a5bc323a0666780bef20192",
    "https://deno.land/x/denomailer@1.6.0/config/mail/email.ts": "bb0ca104bf9cb54af6613a04b3f8cb05290f4fb012e7113f1d050cab10226a7c",
    "https://deno.land/x/denomailer@1.6.0/config/mail/encoding.ts": "0bc5983ada3b902333925cdca225f8ea5e28fffbc2f1bd2b0ccb9a423f6f7fcc",
    "https://deno.land/x/denomailer@1.6.0/config/mail/headers.ts": "ce94874beb5a1a7248b5b91bf1ae3b3aed2d4c0541f3f448f2bbfad6c8f570ee",
    "https://deno.land/x/denomailer@1.6.0/config/mail/mod.ts": "a7fafa3386a45a585d7983d816b09ddc28b2f2b84097a614f1e38685b1f62868",
    "https://deno.land/x/denomailer@1.6.0/deps.ts": "12bef188bb2a490fedc82ac1889f3d438e8a15887c423b045fee532b31a43102",
    "https://deno.land/x/denomailer@1.6.0/mod.ts": "71a197dff098194ab53691abd3c9d22a276ef04e1382eb85f5632dbcb5a83bf3",
    "https://esm.sh/@supabase/auth-js@2.98.0/denonext/auth-js.mjs": "1f94c714fe31a7e859825f50bd5a4971458ca69a6477a543665b7d4d06dfe0b9",
    "https://esm.sh/@supabase/functions-js@2.98.0/denonext/functions-js.mjs": "65f1bc17c5af85234d9bfbc0f8a14c452b0d516d62dd23872662ec08adf91998",
    "https://esm.sh/@supabase/postgrest-js@2.98.0/denonext/postgrest-js.mjs": "188a13abc25b0f5890de4bd3c3f2211e287091cc0434cea290ee1c7d06827e4a",
    "https://esm.sh/@supabase/realtime-js@2.98.0/denonext/realtime-js.mjs": "c7490d09c983cfccf2f72c60bf8e6f45b9274650c27d3723b4a1c6386df201ce",
    "https://esm.sh/@supabase/storage-js@2.98.0/denonext/storage-js.mjs": "8d3b1e4c8777511f1d2c542130203d6a3a627d93461846f727a912ca79ecfdac",
    "https://esm.sh/@supabase/supabase-js@2.39.3": "832d7714491bd1c8a9008a332b35cb099f24b451ad79e755ecf4d71985fd6610",
    "https://esm.sh/@supabase/supabase-js@2.45.0": "36ae57c3f2dc3f94fd122a846b40a87114d29bb2f47e910cb46bee5575febf2e",
    "https://esm.sh/@supabase/supabase-js@2.49.1": "947c71e163ca8bb5b538eccb5ee86fbc8da6bcb916a861586db5fad1af4701bb",
    "https://esm.sh/@supabase/supabase-js@2.49.4": "d52c4d06946766d328fdd0ac2e007f52bb6d2ef7ce6103ad9f0f57d92b73e978",
    "https://esm.sh/@supabase/supabase-js@2.57.2": "ae34123f923ca1622834de1b1e20b4ec735cd183d0fbf8fd7c3d67ce2f358909",
    "https://esm.sh/@supabase/supabase-js@2.87.1": "103ac54a7a223047234abf729ea8474d1e107b63435db8f8e3d13b3d929859af",
    "https://esm.sh/@supabase/supabase-js@2.98.0": "7c91584aa8d7c3b272be04122a907e00a7028a20d0eaf5e40b2eb1eed10f06b3",
    "https://esm.sh/@supabase/supabase-js@2.98.0/denonext/supabase-js.mjs": "50d9cef74b1e27d0536344733e386089230db8c89d2a2918a1c882a1b3262b2e",
    "https://esm.sh/iceberg-js@0.8.1/denonext/iceberg-js.mjs": "d839d81a2e3966500ca2cdd0c1cb458e9608bacfc91f7bb67a69b2e878dcdb4f",
    "https://esm.sh/iceberg-js@0.8.1?target=denonext": "58c849d7fe2bf4eca4a84eb501e83c161a7d8c34ca1bec15a962b3bec3062633",
    "https://esm.sh/resend@2.0.0": "b222433340dc6655ed294a343815916b5a5ceeac999f07f627a5614a87cd9fe4",
    "https://esm.sh/stripe@14.21.0?target=deno": "c68b76780452938e9bbae9e312323e97869ccbdafeb83ddf372746ffa52f6b66",
    "https://esm.sh/stripe@18.5.0?target=deno": "d9b6d1310d5168cc94495f0ffc275048be7aac23ea942ddc7f8bff513ffd9e71",
    "https://esm.sh/tslib@2.8.1/denonext/tslib.mjs": "c38da5dd6da6281964435002ce204cd586634fe3bdfb24a0ee116f48cf3292e9"
  },
  "workspace": {
    "packageJson": {
      "dependencies": [
        "npm:@codemirror/lang-html@^6.4.11",
        "npm:@codemirror/lang-json@^6.0.2",
        "npm:@codemirror/state@6.5.2",
        "npm:@codemirror/view@6.39.4",
        "npm:@dnd-kit/core@^6.3.1",
        "npm:@dnd-kit/sortable@10",
        "npm:@dnd-kit/utilities@^3.2.2",
        "npm:@eslint/js@^9.32.0",
        "npm:@fullcalendar/core@^6.1.20",
        "npm:@fullcalendar/daygrid@^6.1.20",
        "npm:@fullcalendar/interaction@^6.1.20",
        "npm:@fullcalendar/list@^6.1.20",
        "npm:@fullcalendar/react@^6.1.20",
        "npm:@fullcalendar/timegrid@^6.1.20",
        "npm:@hookform/resolvers@^3.10.0",
        "npm:@lottiefiles/react-lottie-player@^3.6.0",
        "npm:@radix-ui/react-accordion@^1.2.11",
        "npm:@radix-ui/react-alert-dialog@^1.1.14",
        "npm:@radix-ui/react-aspect-ratio@^1.1.7",
        "npm:@radix-ui/react-avatar@^1.1.10",
        "npm:@radix-ui/react-checkbox@^1.3.2",
        "npm:@radix-ui/react-collapsible@^1.1.11",
        "npm:@radix-ui/react-context-menu@^2.2.15",
        "npm:@radix-ui/react-dialog@^1.1.14",
        "npm:@radix-ui/react-dropdown-menu@^2.1.15",
        "npm:@radix-ui/react-hover-card@^1.1.14",
        "npm:@radix-ui/react-label@^2.1.7",
        "npm:@radix-ui/react-menubar@^1.1.15",
        "npm:@radix-ui/react-navigation-menu@^1.2.13",
        "npm:@radix-ui/react-popover@^1.1.14",
        "npm:@radix-ui/react-progress@^1.1.7",
        "npm:@radix-ui/react-radio-group@^1.3.7",
        "npm:@radix-ui/react-scroll-area@^1.2.9",
        "npm:@radix-ui/react-select@^2.2.5",
        "npm:@radix-ui/react-separator@^1.1.7",
        "npm:@radix-ui/react-slider@^1.3.5",
        "npm:@radix-ui/react-slot@^1.2.3",
        "npm:@radix-ui/react-switch@^1.2.5",
        "npm:@radix-ui/react-tabs@^1.1.12",
        "npm:@radix-ui/react-toast@^1.2.14",
        "npm:@radix-ui/react-toggle-group@^1.1.10",
        "npm:@radix-ui/react-toggle@^1.1.9",
        "npm:@radix-ui/react-tooltip@^1.2.7",
        "npm:@supabase/supabase-js@^2.87.1",
        "npm:@tailwindcss/typography@~0.5.16",
        "npm:@tanstack/react-query@^5.83.0",
        "npm:@testing-library/jest-dom@^6.9.1",
        "npm:@testing-library/react@^16.3.1",
        "npm:@tiptap/core@3.13.0",
        "npm:@tiptap/extension-image@^3.13.0",
        "npm:@tiptap/extension-link@^3.13.0",
        "npm:@tiptap/extension-placeholder@^3.13.0",
        "npm:@tiptap/react@^3.13.0",
        "npm:@tiptap/starter-kit@^3.13.0",
        "npm:@types/dompurify@^3.2.0",
        "npm:@types/jssip@^3.5.4",
        "npm:@types/node@^22.16.5",
        "npm:@types/papaparse@^5.5.2",
        "npm:@types/pg@^8.20.0",
        "npm:@types/react-dom@^18.3.7",
        "npm:@types/react@^18.3.23",
        "npm:@types/turndown@^5.0.5",
        "npm:@uiw/react-codemirror@^4.25.4",
        "npm:@vitejs/plugin-react-swc@^3.11.0",
        "npm:autoprefixer@^10.4.21",
        "npm:class-variance-authority@~0.7.1",
        "npm:clsx@^2.1.1",
        "npm:cmdk@^1.1.1",
        "npm:date-fns@^3.6.0",
        "npm:dompurify@^3.4.10",
        "npm:embla-carousel-autoplay@^8.6.0",
        "npm:embla-carousel-react@^8.6.0",
        "npm:eslint-plugin-react-hooks@^5.2.0",
        "npm:eslint-plugin-react-refresh@~0.4.20",
        "npm:eslint@^9.39.2",
        "npm:globals@^15.15.0",
        "npm:heic2any@^0.0.4",
        "npm:input-otp@^1.4.2",
        "npm:jsdom@^27.4.0",
        "npm:json5@^2.2.3",
        "npm:jspdf-autotable@^5.0.8",
        "npm:jspdf@^4.2.1",
        "npm:jssip@^3.13.8",
        "npm:jszip@^3.10.1",
        "npm:lucide-react@0.462",
        "npm:marked@^14.1.4",
        "npm:next-themes@0.3",
        "npm:papaparse@^5.5.4",
        "npm:pdfjs-dist@^5.7.284",
        "npm:pg@^8.20.0",
        "npm:postcss@^8.5.6",
        "npm:react-day-picker@^8.10.1",
        "npm:react-dom@^18.3.1",
        "npm:react-helmet-async@^2.0.5",
        "npm:react-hook-form@^7.61.1",
        "npm:react-image-crop@^11.0.10",
        "npm:react-markdown@^10.1.0",
        "npm:react-resizable-panels@^2.1.9",
        "npm:react-router-dom@^6.30.1",
        "npm:react@^18.3.1",
        "npm:recharts@^2.15.4",
        "npm:remark-gfm@^4.0.1",
        "npm:sonner@^1.7.4",
        "npm:tailwind-merge@^2.6.0",
        "npm:tailwindcss-animate@^1.0.7",
        "npm:tailwindcss@^3.4.17",
        "npm:turndown@^7.2.4",
        "npm:typescript-eslint@^8.56.0",
        "npm:typescript@^5.8.3",
        "npm:vaul@~0.9.9",
        "npm:vite@^5.4.19",
        "npm:vitest@^4.0.16",
        "npm:zod@^3.25.76"
      ]
    }
  }
}
